[{<<"clj">>,
  {git,"git://github.com/lfex/clj.git",
       {ref,"3cc502b150ff2a631719f063c0b8a7a3643f420e"}},
  1},
 {<<"color">>,
  {git,"git://github.com/julianduque/erlang-color.git",
       {ref,"e60f6302f795220f5f0bee86391ffee5274edec0"}},
  1},
 {<<"jsx">>,
  {git,"git://github.com/talentdeficit/jsx.git",
       {ref,"2d8a7d07da511400475cfc5da649fda0c391f01d"}},
  0},
 {<<"kla">>,
  {git,"git://github.com/lfex/kla.git",
       {ref,"cb3cd7a263e7e6da00a7bf2f939c66179a8da7b8"}},
  2},
 {<<"lfe">>,
  {git,"git://github.com/rvirding/lfe.git",
       {ref,"d7bc80da04aedd0a607f17d8d149eba363872b4b"}},
  0},
 {<<"ltest">>,
  {git,"git://github.com/lfex/ltest.git",
       {ref,"7d10af482f586bf331f32a98eca3920b12ae87f6"}},
  0},
 {<<"lutil">>,
  {git,"https://github.com/lfex/lutil.git",
       {ref,"1dd644b73da70dd3b1516c65535b61883633ce21"}},
  0},
 {<<"mochiweb">>,
  {git,"git://github.com/mochi/mochiweb.git",
       {ref,"87d6eb15490729698fd192228b8fc963b3777c51"}},
  0}].
