[{<<"clj">>,
  {git,"git://github.com/lfex/clj.git",
       {ref,"1be3d8fedaf338df7ae24f688b12ef5754fb235e"}},
  1},
 {<<"jsx">>,
  {git,"https://github.com/talentdeficit/jsx.git",
       {ref,"2d8a7d07da511400475cfc5da649fda0c391f01d"}},
  0},
 {<<"kla">>,
  {git,"git://github.com/lfex/kla.git",
       {ref,"c3a4cb86f76982c40dcd640768db7056bb8d5df7"}},
  2},
 {<<"lfe-version">>,
  {git,"https://github.com/lfe-rebar3/version.git",
       {ref,"76919956b78112b86bbe5972ffc136741d708f10"}},
  3},
 {<<"lutil">>,
  {git,"https://github.com/lfex/lutil.git",
       {ref,"81a2e5c2fdbc58e987cf4010d9a0537bc0556572"}},
  0},
 {<<"mochiweb">>,
  {git,"https://github.com/mochi/mochiweb.git",
       {ref,"87d6eb15490729698fd192228b8fc963b3777c51"}},
  0}].
